<?xml version="1.0" encoding="utf-8"?>
<Project ToolsVersion="4.0" xmlns="http://schemas.microsoft.com/developer/msbuild/2003">
  <ItemGroup>
    <Filter Include="源文件">
      <UniqueIdentifier>{4FC737F1-C7A5-4376-A066-2A32D752A2FF}</UniqueIdentifier>
      <Extensions>cpp;c;cc;cxx;c++;cppm;ixx;def;odl;idl;hpj;bat;asm;asmx</Extensions>
    </Filter>
    <Filter Include="头文件">
      <UniqueIdentifier>{93995380-89BD-4b04-88EB-625FBE52EBFB}</UniqueIdentifier>
      <Extensions>h;hh;hpp;hxx;h++;hm;inl;inc;ipp;xsd</Extensions>
    </Filter>
    <Filter Include="资源文件">
      <UniqueIdentifier>{67DA6AB6-F800-4c08-8B7A-83BB121AAD01}</UniqueIdentifier>
      <Extensions>rc;ico;cur;bmp;dlg;rc2;rct;bin;rgs;gif;jpg;jpeg;jpe;resx;tiff;tif;png;wav;mfcribbon-ms</Extensions>
    </Filter>
    <Filter Include="aquarius">
      <UniqueIdentifier>{1a435f21-84cf-465e-8485-17058d6c7d65}</UniqueIdentifier>
    </Filter>
    <Filter Include="aquarius\detail">
      <UniqueIdentifier>{edfa55b9-1d24-4db0-b0f4-48f74b5a82ed}</UniqueIdentifier>
    </Filter>
    <Filter Include="aquarius\message">
      <UniqueIdentifier>{0d5dd5db-33d3-4f0e-8872-6db7b9f0ecb3}</UniqueIdentifier>
    </Filter>
    <Filter Include="aquarius\session">
      <UniqueIdentifier>{b16301ad-ce7d-4f36-a7bf-413cfdebe4a5}</UniqueIdentifier>
    </Filter>
  </ItemGroup>
  <ItemGroup>
    <ClCompile Include="Test.cpp">
      <Filter>源文件</Filter>
    </ClCompile>
  </ItemGroup>
  <ItemGroup>
    <ClInclude Include="..\include\aquarius.hpp">
      <Filter>头文件</Filter>
    </ClInclude>
    <ClInclude Include="io.h">
      <Filter>头文件</Filter>
    </ClInclude>
    <ClInclude Include="message_process.h">
      <Filter>头文件</Filter>
    </ClInclude>
    <ClInclude Include="..\include\aquarius\detail\config.hpp">
      <Filter>aquarius\detail</Filter>
    </ClInclude>
    <ClInclude Include="..\include\aquarius\detail\deadline_timer.hpp">
      <Filter>aquarius\detail</Filter>
    </ClInclude>
    <ClInclude Include="..\include\aquarius\detail\empty_value.hpp">
      <Filter>aquarius\detail</Filter>
    </ClInclude>
    <ClInclude Include="..\include\aquarius\detail\field.hpp">
      <Filter>aquarius\detail</Filter>
    </ClInclude>
    <ClInclude Include="..\include\aquarius\detail\invoke.hpp">
      <Filter>aquarius\detail</Filter>
    </ClInclude>
    <ClInclude Include="..\include\aquarius\detail\noncopyable.hpp">
      <Filter>aquarius\detail</Filter>
    </ClInclude>
    <ClInclude Include="..\include\aquarius\detail\router.hpp">
      <Filter>aquarius\detail</Filter>
    </ClInclude>
    <ClInclude Include="..\include\aquarius\detail\singleton.hpp">
      <Filter>aquarius\detail</Filter>
    </ClInclude>
    <ClInclude Include="..\include\aquarius\detail\visitor.hpp">
      <Filter>aquarius\detail</Filter>
    </ClInclude>
    <ClInclude Include="..\include\aquarius\message\context.hpp">
      <Filter>aquarius\message</Filter>
    </ClInclude>
    <ClInclude Include="..\include\aquarius\message\header.hpp">
      <Filter>aquarius\message</Filter>
    </ClInclude>
    <ClInclude Include="..\include\aquarius\message\message.hpp">
      <Filter>aquarius\message</Filter>
    </ClInclude>
    <ClInclude Include="..\include\aquarius\session\session.hpp">
      <Filter>aquarius\session</Filter>
    </ClInclude>
    <ClInclude Include="..\include\aquarius\session\session_manager.hpp">
      <Filter>aquarius\session</Filter>
    </ClInclude>
    <ClInclude Include="..\include\aquarius\client.hpp">
      <Filter>aquarius</Filter>
    </ClInclude>
    <ClInclude Include="..\include\aquarius\connect.hpp">
      <Filter>aquarius</Filter>
    </ClInclude>
    <ClInclude Include="..\include\aquarius\defines.hpp">
      <Filter>aquarius</Filter>
    </ClInclude>
    <ClInclude Include="..\include\aquarius\io_service_pool.hpp">
      <Filter>aquarius</Filter>
    </ClInclude>
    <ClInclude Include="..\include\aquarius\request.hpp">
      <Filter>aquarius</Filter>
    </ClInclude>
    <ClInclude Include="..\include\aquarius\response.hpp">
      <Filter>aquarius</Filter>
    </ClInclude>
    <ClInclude Include="..\include\aquarius\router.hpp">
      <Filter>aquarius</Filter>
    </ClInclude>
    <ClInclude Include="..\include\aquarius\server.hpp">
      <Filter>aquarius</Filter>
    </ClInclude>
    <ClInclude Include="..\include\aquarius\flex_buffer.hpp">
      <Filter>aquarius</Filter>
    </ClInclude>
    <ClInclude Include="..\include\aquarius\type_traits.hpp">
      <Filter>aquarius</Filter>
    </ClInclude>
  </ItemGroup>
</Project>