<?xml version="1.0" encoding="utf-8"?>
<Project ToolsVersion="4.0" xmlns="http://schemas.microsoft.com/developer/msbuild/2003">
  <ItemGroup>
    <Filter Include="源文件">
      <UniqueIdentifier>{4FC737F1-C7A5-4376-A066-2A32D752A2FF}</UniqueIdentifier>
      <Extensions>cpp;c;cc;cxx;c++;cppm;ixx;def;odl;idl;hpj;bat;asm;asmx</Extensions>
    </Filter>
    <Filter Include="头文件">
      <UniqueIdentifier>{93995380-89BD-4b04-88EB-625FBE52EBFB}</UniqueIdentifier>
      <Extensions>h;hh;hpp;hxx;h++;hm;inl;inc;ipp;xsd</Extensions>
    </Filter>
    <Filter Include="资源文件">
      <UniqueIdentifier>{67DA6AB6-F800-4c08-8B7A-83BB121AAD01}</UniqueIdentifier>
      <Extensions>rc;ico;cur;bmp;dlg;rc2;rct;bin;rgs;gif;jpg;jpeg;jpe;resx;tiff;tif;png;wav;mfcribbon-ms</Extensions>
    </Filter>
    <Filter Include="include">
      <UniqueIdentifier>{1a435f21-84cf-465e-8485-17058d6c7d65}</UniqueIdentifier>
    </Filter>
    <Filter Include="include\aquarius">
      <UniqueIdentifier>{cac2360d-aeee-4d35-ba2e-37a84050c7e0}</UniqueIdentifier>
    </Filter>
    <Filter Include="include\aquarius\channel">
      <UniqueIdentifier>{2434a1fe-9af2-40a8-b717-3bc3ee057069}</UniqueIdentifier>
    </Filter>
    <Filter Include="include\aquarius\context">
      <UniqueIdentifier>{efd9f61a-6b90-4f5f-9a90-c0a08ab49742}</UniqueIdentifier>
    </Filter>
    <Filter Include="include\aquarius\detail">
      <UniqueIdentifier>{edfa55b9-1d24-4db0-b0f4-48f74b5a82ed}</UniqueIdentifier>
    </Filter>
    <Filter Include="include\aquarius\invoke">
      <UniqueIdentifier>{7c74b2f0-31ab-45f4-83b9-ef5fc900642a}</UniqueIdentifier>
    </Filter>
    <Filter Include="include\aquarius\message">
      <UniqueIdentifier>{0d5dd5db-33d3-4f0e-8872-6db7b9f0ecb3}</UniqueIdentifier>
    </Filter>
    <Filter Include="include\aquarius\mysql">
      <UniqueIdentifier>{a0518608-c803-4290-9f2b-dab5207810c3}</UniqueIdentifier>
    </Filter>
    <Filter Include="include\aquarius\service">
      <UniqueIdentifier>{93ce574a-0bbd-477e-a284-d88da6932270}</UniqueIdentifier>
    </Filter>
    <Filter Include="include\aquarius\session">
      <UniqueIdentifier>{b16301ad-ce7d-4f36-a7bf-413cfdebe4a5}</UniqueIdentifier>
    </Filter>
  </ItemGroup>
  <ItemGroup>
    <ClCompile Include="Test.cpp">
      <Filter>源文件</Filter>
    </ClCompile>
  </ItemGroup>
  <ItemGroup>
    <ClInclude Include="message_process.h">
      <Filter>头文件</Filter>
    </ClInclude>
    <ClInclude Include="..\include\aquarius\detail\config.hpp">
      <Filter>include\aquarius\detail</Filter>
    </ClInclude>
    <ClInclude Include="..\include\aquarius\detail\deadline_timer.hpp">
      <Filter>include\aquarius\detail</Filter>
    </ClInclude>
    <ClInclude Include="..\include\aquarius\detail\empty_value.hpp">
      <Filter>include\aquarius\detail</Filter>
    </ClInclude>
    <ClInclude Include="..\include\aquarius\detail\field.hpp">
      <Filter>include\aquarius\detail</Filter>
    </ClInclude>
    <ClInclude Include="..\include\aquarius\detail\noncopyable.hpp">
      <Filter>include\aquarius\detail</Filter>
    </ClInclude>
    <ClInclude Include="..\include\aquarius\detail\router.hpp">
      <Filter>include\aquarius\detail</Filter>
    </ClInclude>
    <ClInclude Include="..\include\aquarius\detail\singleton.hpp">
      <Filter>include\aquarius\detail</Filter>
    </ClInclude>
    <ClInclude Include="..\include\aquarius\detail\visitor.hpp">
      <Filter>include\aquarius\detail</Filter>
    </ClInclude>
    <ClInclude Include="..\include\aquarius\message\tcp_header.hpp">
      <Filter>include\aquarius\message</Filter>
    </ClInclude>
    <ClInclude Include="..\include\aquarius\message\message.hpp">
      <Filter>include\aquarius\message</Filter>
    </ClInclude>
    <ClInclude Include="..\include\aquarius\session\session.hpp">
      <Filter>include\aquarius\session</Filter>
    </ClInclude>
    <ClInclude Include="..\include\aquarius\session\session_manager.hpp">
      <Filter>include\aquarius\session</Filter>
    </ClInclude>
    <ClInclude Include="..\include\aquarius\context\context.hpp">
      <Filter>include\aquarius\context</Filter>
    </ClInclude>
    <ClInclude Include="..\include\aquarius\context\system_context.hpp">
      <Filter>include\aquarius\context</Filter>
    </ClInclude>
    <ClInclude Include="..\include\aquarius\context\user_context.hpp">
      <Filter>include\aquarius\context</Filter>
    </ClInclude>
    <ClInclude Include="server.h">
      <Filter>头文件</Filter>
    </ClInclude>
    <ClInclude Include="..\include\aquarius\mysql\algorithm.hpp">
      <Filter>include\aquarius\mysql</Filter>
    </ClInclude>
    <ClInclude Include="..\include\aquarius\mysql\generate_sql.hpp">
      <Filter>include\aquarius\mysql</Filter>
    </ClInclude>
    <ClInclude Include="..\include\aquarius\mysql\mysql_service.hpp">
      <Filter>include\aquarius\mysql</Filter>
    </ClInclude>
    <ClInclude Include="..\include\aquarius\mysql\service_pool.hpp">
      <Filter>include\aquarius\mysql</Filter>
    </ClInclude>
    <ClInclude Include="..\include\aquarius\mysql\keyword.hpp">
      <Filter>include\aquarius\mysql</Filter>
    </ClInclude>
    <ClInclude Include="mysql_test.h">
      <Filter>头文件</Filter>
    </ClInclude>
    <ClInclude Include="..\include\aquarius\service\service.hpp">
      <Filter>include\aquarius\service</Filter>
    </ClInclude>
    <ClInclude Include="..\include\aquarius\mysql\sql.hpp">
      <Filter>include\aquarius\mysql</Filter>
    </ClInclude>
    <ClInclude Include="..\include\aquarius\mysql\attributes.hpp">
      <Filter>include\aquarius\mysql</Filter>
    </ClInclude>
    <ClInclude Include="..\include\aquarius\mysql\string_literal.hpp">
      <Filter>include\aquarius\mysql</Filter>
    </ClInclude>
    <ClInclude Include="..\include\aquarius\mysql\to_string.hpp">
      <Filter>include\aquarius\mysql</Filter>
    </ClInclude>
    <ClInclude Include="..\include\aquarius\mysql\reflect.hpp">
      <Filter>include\aquarius\mysql</Filter>
    </ClInclude>
    <ClInclude Include="..\include\aquarius\detail\random.hpp">
      <Filter>include\aquarius\detail</Filter>
    </ClInclude>
    <ClInclude Include="..\include\aquarius\detail\consistent_hash.hpp">
      <Filter>include\aquarius\detail</Filter>
    </ClInclude>
    <ClInclude Include="..\include\aquarius\channel\channel.hpp">
      <Filter>include\aquarius\channel</Filter>
    </ClInclude>
    <ClInclude Include="..\include\aquarius\channel\group.hpp">
      <Filter>include\aquarius\channel</Filter>
    </ClInclude>
    <ClInclude Include="..\include\aquarius\detail\asio.hpp">
      <Filter>include\aquarius\detail</Filter>
    </ClInclude>
    <ClInclude Include="io_service_pool.h">
      <Filter>头文件</Filter>
    </ClInclude>
    <ClInclude Include="router.h">
      <Filter>头文件</Filter>
    </ClInclude>
    <ClInclude Include="..\include\aquarius\invoke\invoke_context.hpp">
      <Filter>include\aquarius\invoke</Filter>
    </ClInclude>
    <ClInclude Include="..\include\aquarius\invoke\invoke_message.hpp">
      <Filter>include\aquarius\invoke</Filter>
    </ClInclude>
    <ClInclude Include="..\include\aquarius\invoke\invoke_service.hpp">
      <Filter>include\aquarius\invoke</Filter>
    </ClInclude>
    <ClInclude Include="..\include\aquarius\invoke\router_context.hpp">
      <Filter>include\aquarius\invoke</Filter>
    </ClInclude>
    <ClInclude Include="..\include\aquarius\invoke\router_message.hpp">
      <Filter>include\aquarius\invoke</Filter>
    </ClInclude>
    <ClInclude Include="..\include\aquarius\invoke\router_service.hpp">
      <Filter>include\aquarius\invoke</Filter>
    </ClInclude>
    <ClInclude Include="..\include\aquarius\client.hpp">
      <Filter>include\aquarius</Filter>
    </ClInclude>
    <ClInclude Include="..\include\aquarius\context.hpp">
      <Filter>include\aquarius</Filter>
    </ClInclude>
    <ClInclude Include="..\include\aquarius\defines.hpp">
      <Filter>include\aquarius</Filter>
    </ClInclude>
    <ClInclude Include="..\include\aquarius\elastic.hpp">
      <Filter>include\aquarius</Filter>
    </ClInclude>
    <ClInclude Include="..\include\aquarius\event_callback.hpp">
      <Filter>include\aquarius</Filter>
    </ClInclude>
    <ClInclude Include="..\include\aquarius\invoke.hpp">
      <Filter>include\aquarius</Filter>
    </ClInclude>
    <ClInclude Include="..\include\aquarius\io_service_pool.hpp">
      <Filter>include\aquarius</Filter>
    </ClInclude>
    <ClInclude Include="..\include\aquarius\logger.hpp">
      <Filter>include\aquarius</Filter>
    </ClInclude>
    <ClInclude Include="..\include\aquarius\mysql.hpp">
      <Filter>include\aquarius</Filter>
    </ClInclude>
    <ClInclude Include="..\include\aquarius\request.hpp">
      <Filter>include\aquarius</Filter>
    </ClInclude>
    <ClInclude Include="..\include\aquarius\resolver.hpp">
      <Filter>include\aquarius</Filter>
    </ClInclude>
    <ClInclude Include="..\include\aquarius\response.hpp">
      <Filter>include\aquarius</Filter>
    </ClInclude>
    <ClInclude Include="..\include\aquarius\server.hpp">
      <Filter>include\aquarius</Filter>
    </ClInclude>
    <ClInclude Include="..\include\aquarius\type_traits.hpp">
      <Filter>include\aquarius</Filter>
    </ClInclude>
    <ClInclude Include="..\include\aquarius.hpp">
      <Filter>include</Filter>
    </ClInclude>
    <ClInclude Include="..\include\aquarius\connect.hpp">
      <Filter>include\aquarius</Filter>
    </ClInclude>
    <ClInclude Include="..\include\aquarius\invoke\invoke_session.hpp">
      <Filter>include\aquarius\invoke</Filter>
    </ClInclude>
    <ClInclude Include="..\include\aquarius\invoke\invoke_callback.hpp">
      <Filter>include\aquarius\invoke</Filter>
    </ClInclude>
    <ClInclude Include="session.h">
      <Filter>头文件</Filter>
    </ClInclude>
  </ItemGroup>
</Project>