<?xml version="1.0" encoding="utf-8"?>
<Project ToolsVersion="4.0" xmlns="http://schemas.microsoft.com/developer/msbuild/2003">
  <ItemGroup>
    <Filter Include="源文件">
      <UniqueIdentifier>{4FC737F1-C7A5-4376-A066-2A32D752A2FF}</UniqueIdentifier>
      <Extensions>cpp;c;cc;cxx;c++;cppm;ixx;def;odl;idl;hpj;bat;asm;asmx</Extensions>
    </Filter>
    <Filter Include="头文件">
      <UniqueIdentifier>{93995380-89BD-4b04-88EB-625FBE52EBFB}</UniqueIdentifier>
      <Extensions>h;hh;hpp;hxx;h++;hm;inl;inc;ipp;xsd</Extensions>
    </Filter>
    <Filter Include="资源文件">
      <UniqueIdentifier>{67DA6AB6-F800-4c08-8B7A-83BB121AAD01}</UniqueIdentifier>
      <Extensions>rc;ico;cur;bmp;dlg;rc2;rct;bin;rgs;gif;jpg;jpeg;jpe;resx;tiff;tif;png;wav;mfcribbon-ms</Extensions>
    </Filter>
    <Filter Include="aquarius">
      <UniqueIdentifier>{1a435f21-84cf-465e-8485-17058d6c7d65}</UniqueIdentifier>
    </Filter>
    <Filter Include="aquarius\detail">
      <UniqueIdentifier>{edfa55b9-1d24-4db0-b0f4-48f74b5a82ed}</UniqueIdentifier>
    </Filter>
    <Filter Include="aquarius\message">
      <UniqueIdentifier>{0d5dd5db-33d3-4f0e-8872-6db7b9f0ecb3}</UniqueIdentifier>
    </Filter>
    <Filter Include="aquarius\session">
      <UniqueIdentifier>{b16301ad-ce7d-4f36-a7bf-413cfdebe4a5}</UniqueIdentifier>
    </Filter>
    <Filter Include="aquarius\context">
      <UniqueIdentifier>{efd9f61a-6b90-4f5f-9a90-c0a08ab49742}</UniqueIdentifier>
    </Filter>
    <Filter Include="aquarius\elastic">
      <UniqueIdentifier>{71b89279-e1a8-4995-81f6-90578421d12e}</UniqueIdentifier>
    </Filter>
    <Filter Include="aquarius\mysql">
      <UniqueIdentifier>{a0518608-c803-4290-9f2b-dab5207810c3}</UniqueIdentifier>
    </Filter>
  </ItemGroup>
  <ItemGroup>
    <ClCompile Include="Test.cpp">
      <Filter>源文件</Filter>
    </ClCompile>
  </ItemGroup>
  <ItemGroup>
    <ClInclude Include="..\include\aquarius.hpp">
      <Filter>头文件</Filter>
    </ClInclude>
    <ClInclude Include="message_process.h">
      <Filter>头文件</Filter>
    </ClInclude>
    <ClInclude Include="..\include\aquarius\detail\config.hpp">
      <Filter>aquarius\detail</Filter>
    </ClInclude>
    <ClInclude Include="..\include\aquarius\detail\deadline_timer.hpp">
      <Filter>aquarius\detail</Filter>
    </ClInclude>
    <ClInclude Include="..\include\aquarius\detail\empty_value.hpp">
      <Filter>aquarius\detail</Filter>
    </ClInclude>
    <ClInclude Include="..\include\aquarius\detail\field.hpp">
      <Filter>aquarius\detail</Filter>
    </ClInclude>
    <ClInclude Include="..\include\aquarius\detail\noncopyable.hpp">
      <Filter>aquarius\detail</Filter>
    </ClInclude>
    <ClInclude Include="..\include\aquarius\detail\router.hpp">
      <Filter>aquarius\detail</Filter>
    </ClInclude>
    <ClInclude Include="..\include\aquarius\detail\singleton.hpp">
      <Filter>aquarius\detail</Filter>
    </ClInclude>
    <ClInclude Include="..\include\aquarius\detail\visitor.hpp">
      <Filter>aquarius\detail</Filter>
    </ClInclude>
    <ClInclude Include="..\include\aquarius\message\header.hpp">
      <Filter>aquarius\message</Filter>
    </ClInclude>
    <ClInclude Include="..\include\aquarius\message\message.hpp">
      <Filter>aquarius\message</Filter>
    </ClInclude>
    <ClInclude Include="..\include\aquarius\session\session.hpp">
      <Filter>aquarius\session</Filter>
    </ClInclude>
    <ClInclude Include="..\include\aquarius\session\session_manager.hpp">
      <Filter>aquarius\session</Filter>
    </ClInclude>
    <ClInclude Include="..\include\aquarius\client.hpp">
      <Filter>aquarius</Filter>
    </ClInclude>
    <ClInclude Include="..\include\aquarius\connect.hpp">
      <Filter>aquarius</Filter>
    </ClInclude>
    <ClInclude Include="..\include\aquarius\defines.hpp">
      <Filter>aquarius</Filter>
    </ClInclude>
    <ClInclude Include="..\include\aquarius\io_service_pool.hpp">
      <Filter>aquarius</Filter>
    </ClInclude>
    <ClInclude Include="..\include\aquarius\request.hpp">
      <Filter>aquarius</Filter>
    </ClInclude>
    <ClInclude Include="..\include\aquarius\response.hpp">
      <Filter>aquarius</Filter>
    </ClInclude>
    <ClInclude Include="..\include\aquarius\server.hpp">
      <Filter>aquarius</Filter>
    </ClInclude>
    <ClInclude Include="..\include\aquarius\type_traits.hpp">
      <Filter>aquarius</Filter>
    </ClInclude>
    <ClInclude Include="..\include\aquarius\logger.hpp">
      <Filter>aquarius</Filter>
    </ClInclude>
    <ClInclude Include="..\include\aquarius\resolver.hpp">
      <Filter>aquarius</Filter>
    </ClInclude>
    <ClInclude Include="..\include\aquarius\message\router.hpp">
      <Filter>aquarius\message</Filter>
    </ClInclude>
    <ClInclude Include="..\include\aquarius\message\invoke.hpp">
      <Filter>aquarius\message</Filter>
    </ClInclude>
    <ClInclude Include="..\include\aquarius\event_callback.hpp">
      <Filter>aquarius</Filter>
    </ClInclude>
    <ClInclude Include="..\include\aquarius\context\context.hpp">
      <Filter>aquarius\context</Filter>
    </ClInclude>
    <ClInclude Include="..\include\aquarius\context\system_context.hpp">
      <Filter>aquarius\context</Filter>
    </ClInclude>
    <ClInclude Include="..\include\aquarius\context.hpp">
      <Filter>aquarius</Filter>
    </ClInclude>
    <ClInclude Include="..\include\aquarius\context\user_context.hpp">
      <Filter>aquarius\context</Filter>
    </ClInclude>
    <ClInclude Include="generate.h">
      <Filter>头文件</Filter>
    </ClInclude>
    <ClInclude Include="..\include\aquarius\elastic\access.hpp">
      <Filter>aquarius\elastic</Filter>
    </ClInclude>
    <ClInclude Include="..\include\aquarius\elastic\archive.hpp">
      <Filter>aquarius\elastic</Filter>
    </ClInclude>
    <ClInclude Include="..\include\aquarius\elastic\fixed.hpp">
      <Filter>aquarius\elastic</Filter>
    </ClInclude>
    <ClInclude Include="..\include\aquarius\elastic\flex_buffer.hpp">
      <Filter>aquarius\elastic</Filter>
    </ClInclude>
    <ClInclude Include="..\include\aquarius\elastic\interface.hpp">
      <Filter>aquarius\elastic</Filter>
    </ClInclude>
    <ClInclude Include="..\include\aquarius\elastic\message_lite.hpp">
      <Filter>aquarius\elastic</Filter>
    </ClInclude>
    <ClInclude Include="..\include\aquarius\elastic\primitive.hpp">
      <Filter>aquarius\elastic</Filter>
    </ClInclude>
    <ClInclude Include="..\include\aquarius\elastic\reflect.hpp">
      <Filter>aquarius\elastic</Filter>
    </ClInclude>
    <ClInclude Include="..\include\aquarius\elastic\serialize.hpp">
      <Filter>aquarius\elastic</Filter>
    </ClInclude>
    <ClInclude Include="..\include\aquarius\elastic\type_traits.hpp">
      <Filter>aquarius\elastic</Filter>
    </ClInclude>
    <ClInclude Include="..\include\aquarius\elastic.hpp">
      <Filter>aquarius</Filter>
    </ClInclude>
    <ClInclude Include="..\src\test_proto.mpr.hpp">
      <Filter>头文件</Filter>
    </ClInclude>
    <ClInclude Include="server_test.h">
      <Filter>头文件</Filter>
    </ClInclude>
    <ClInclude Include="elastic_test.h">
      <Filter>头文件</Filter>
    </ClInclude>
    <ClInclude Include="message_test.h">
      <Filter>头文件</Filter>
    </ClInclude>
    <ClInclude Include="..\include\aquarius\mysql.hpp">
      <Filter>aquarius</Filter>
    </ClInclude>
    <ClInclude Include="..\include\aquarius\mysql\algorithm.hpp">
      <Filter>aquarius\mysql</Filter>
    </ClInclude>
    <ClInclude Include="..\include\aquarius\mysql\generate_sql.hpp">
      <Filter>aquarius\mysql</Filter>
    </ClInclude>
    <ClInclude Include="..\include\aquarius\mysql\mysql_service.hpp">
      <Filter>aquarius\mysql</Filter>
    </ClInclude>
    <ClInclude Include="..\include\aquarius\mysql\service_pool.hpp">
      <Filter>aquarius\mysql</Filter>
    </ClInclude>
    <ClInclude Include="..\include\aquarius\mysql\keyword.hpp">
      <Filter>aquarius\mysql</Filter>
    </ClInclude>
    <ClInclude Include="mysql_test.h">
      <Filter>头文件</Filter>
    </ClInclude>
    <ClInclude Include="..\include\aquarius\mysql\operator.hpp">
      <Filter>aquarius\mysql</Filter>
    </ClInclude>
    <ClInclude Include="..\include\aquarius\mysql\sql.hpp">
      <Filter>aquarius\mysql</Filter>
    </ClInclude>
    <ClInclude Include="..\include\aquarius\mysql\attributes.hpp">
      <Filter>aquarius\mysql</Filter>
    </ClInclude>
  </ItemGroup>
</Project>