<?xml version="1.0" encoding="utf-8"?>
<Project ToolsVersion="4.0" xmlns="http://schemas.microsoft.com/developer/msbuild/2003">
  <ItemGroup>
    <Filter Include="源文件">
      <UniqueIdentifier>{4FC737F1-C7A5-4376-A066-2A32D752A2FF}</UniqueIdentifier>
      <Extensions>cpp;c;cc;cxx;c++;cppm;ixx;def;odl;idl;hpj;bat;asm;asmx</Extensions>
    </Filter>
    <Filter Include="头文件">
      <UniqueIdentifier>{93995380-89BD-4b04-88EB-625FBE52EBFB}</UniqueIdentifier>
      <Extensions>h;hh;hpp;hxx;h++;hm;inl;inc;ipp;xsd</Extensions>
    </Filter>
    <Filter Include="资源文件">
      <UniqueIdentifier>{67DA6AB6-F800-4c08-8B7A-83BB121AAD01}</UniqueIdentifier>
      <Extensions>rc;ico;cur;bmp;dlg;rc2;rct;bin;rgs;gif;jpg;jpeg;jpe;resx;tiff;tif;png;wav;mfcribbon-ms</Extensions>
    </Filter>
    <Filter Include="include">
      <UniqueIdentifier>{1a435f21-84cf-465e-8485-17058d6c7d65}</UniqueIdentifier>
    </Filter>
    <Filter Include="include\aquarius">
      <UniqueIdentifier>{cac2360d-aeee-4d35-ba2e-37a84050c7e0}</UniqueIdentifier>
    </Filter>
    <Filter Include="include\aquarius\message">
      <UniqueIdentifier>{0d5dd5db-33d3-4f0e-8872-6db7b9f0ecb3}</UniqueIdentifier>
    </Filter>
    <Filter Include="include\aquarius\context">
      <UniqueIdentifier>{9924ba07-6896-417b-ac11-dfb77ea483f4}</UniqueIdentifier>
    </Filter>
    <Filter Include="include\aquarius\core">
      <UniqueIdentifier>{cc59cd76-2135-40a8-83d7-0ae05a9b6d2b}</UniqueIdentifier>
    </Filter>
    <Filter Include="include\aquarius\context\impl">
      <UniqueIdentifier>{e78b2f64-a8f4-4bf6-ad81-7718c2227fab}</UniqueIdentifier>
    </Filter>
    <Filter Include="include\aquarius\connect">
      <UniqueIdentifier>{e99ee23c-1236-4f9e-ac56-3df3e449946d}</UniqueIdentifier>
    </Filter>
    <Filter Include="include\aquarius\server">
      <UniqueIdentifier>{3ded0761-2f3e-473d-8243-94a8255ec014}</UniqueIdentifier>
    </Filter>
    <Filter Include="include\aquarius\channel">
      <UniqueIdentifier>{9cda06d1-9deb-420c-8703-6164f5115028}</UniqueIdentifier>
    </Filter>
    <Filter Include="include\aquarius\channel\impl">
      <UniqueIdentifier>{e676a92a-4145-4032-95ec-b96dccc8e80e}</UniqueIdentifier>
    </Filter>
    <Filter Include="include\aquarius\client">
      <UniqueIdentifier>{fd14d040-62ab-411e-9d43-ec09cc6f0e27}</UniqueIdentifier>
    </Filter>
    <Filter Include="include\aquarius\service">
      <UniqueIdentifier>{63f6194e-c1d7-4dbd-9164-fd403762409f}</UniqueIdentifier>
    </Filter>
  </ItemGroup>
  <ItemGroup>
    <ClCompile Include="Test.cpp">
      <Filter>源文件</Filter>
    </ClCompile>
  </ItemGroup>
  <ItemGroup>
    <ClInclude Include="..\include\aquarius\message\message.hpp">
      <Filter>include\aquarius\message</Filter>
    </ClInclude>
    <ClInclude Include="server.h">
      <Filter>头文件</Filter>
    </ClInclude>
    <ClInclude Include="router.h">
      <Filter>头文件</Filter>
    </ClInclude>
    <ClInclude Include="..\include\aquarius\client.hpp">
      <Filter>include\aquarius</Filter>
    </ClInclude>
    <ClInclude Include="..\include\aquarius\context.hpp">
      <Filter>include\aquarius</Filter>
    </ClInclude>
    <ClInclude Include="..\include\aquarius\request.hpp">
      <Filter>include\aquarius</Filter>
    </ClInclude>
    <ClInclude Include="..\include\aquarius\response.hpp">
      <Filter>include\aquarius</Filter>
    </ClInclude>
    <ClInclude Include="..\include\aquarius\server.hpp">
      <Filter>include\aquarius</Filter>
    </ClInclude>
    <ClInclude Include="..\include\aquarius.hpp">
      <Filter>include</Filter>
    </ClInclude>
    <ClInclude Include="..\include\aquarius\connect.hpp">
      <Filter>include\aquarius</Filter>
    </ClInclude>
    <ClInclude Include="connect.h">
      <Filter>头文件</Filter>
    </ClInclude>
    <ClInclude Include="context.h">
      <Filter>头文件</Filter>
    </ClInclude>
    <ClInclude Include="message.h">
      <Filter>头文件</Filter>
    </ClInclude>
    <ClInclude Include="..\include\aquarius\service.hpp">
      <Filter>include\aquarius</Filter>
    </ClInclude>
    <ClInclude Include="..\include\aquarius\context\context.hpp">
      <Filter>include\aquarius\context</Filter>
    </ClInclude>
    <ClInclude Include="..\include\aquarius\core\asio.hpp">
      <Filter>include\aquarius\core</Filter>
    </ClInclude>
    <ClInclude Include="..\include\aquarius\core\core.hpp">
      <Filter>include\aquarius\core</Filter>
    </ClInclude>
    <ClInclude Include="..\include\aquarius\core\deadline_timer.hpp">
      <Filter>include\aquarius\core</Filter>
    </ClInclude>
    <ClInclude Include="..\include\aquarius\core\concepts.hpp">
      <Filter>include\aquarius\core</Filter>
    </ClInclude>
    <ClInclude Include="..\include\aquarius\core\uuid.hpp">
      <Filter>include\aquarius\core</Filter>
    </ClInclude>
    <ClInclude Include="..\include\aquarius\core\singleton.hpp">
      <Filter>include\aquarius\core</Filter>
    </ClInclude>
    <ClInclude Include="..\include\aquarius\core\elastic.hpp">
      <Filter>include\aquarius\core</Filter>
    </ClInclude>
    <ClInclude Include="..\include\aquarius\core\logger.hpp">
      <Filter>include\aquarius\core</Filter>
    </ClInclude>
    <ClInclude Include="..\include\aquarius\server\io_service_pool.hpp">
      <Filter>include\aquarius\server</Filter>
    </ClInclude>
    <ClInclude Include="..\include\aquarius\channel\channel.hpp">
      <Filter>include\aquarius\channel</Filter>
    </ClInclude>
    <ClInclude Include="..\include\aquarius\channel\publisher.hpp">
      <Filter>include\aquarius\channel</Filter>
    </ClInclude>
    <ClInclude Include="..\include\aquarius\channel\impl\role.hpp">
      <Filter>include\aquarius\channel\impl</Filter>
    </ClInclude>
    <ClInclude Include="..\include\aquarius\channel\group.hpp">
      <Filter>include\aquarius\channel</Filter>
    </ClInclude>
    <ClInclude Include="..\include\aquarius\channel\impl\group.hpp">
      <Filter>include\aquarius\channel\impl</Filter>
    </ClInclude>
    <ClInclude Include="..\include\aquarius\channel\subscriber.hpp">
      <Filter>include\aquarius\channel</Filter>
    </ClInclude>
    <ClInclude Include="..\include\aquarius\channel\impl\channel.hpp">
      <Filter>include\aquarius\channel\impl</Filter>
    </ClInclude>
    <ClInclude Include="..\include\aquarius\context\generator.hpp">
      <Filter>include\aquarius\context</Filter>
    </ClInclude>
    <ClInclude Include="..\include\aquarius\core\generator.hpp">
      <Filter>include\aquarius\core</Filter>
    </ClInclude>
    <ClInclude Include="..\include\aquarius\core\manager.hpp">
      <Filter>include\aquarius\core</Filter>
    </ClInclude>
    <ClInclude Include="..\include\aquarius\message\generator.hpp">
      <Filter>include\aquarius\message</Filter>
    </ClInclude>
    <ClInclude Include="..\include\aquarius\client\async.hpp">
      <Filter>include\aquarius\client</Filter>
    </ClInclude>
    <ClInclude Include="..\include\aquarius\client\callback.hpp">
      <Filter>include\aquarius\client</Filter>
    </ClInclude>
    <ClInclude Include="..\include\aquarius\service\manager.hpp">
      <Filter>include\aquarius\service</Filter>
    </ClInclude>
    <ClInclude Include="..\include\aquarius\core\apply.hpp">
      <Filter>include\aquarius\core</Filter>
    </ClInclude>
    <ClInclude Include="..\include\aquarius\context\impl\context.hpp">
      <Filter>include\aquarius\context\impl</Filter>
    </ClInclude>
    <ClInclude Include="..\include\aquarius\context\content.hpp">
      <Filter>include\aquarius\context</Filter>
    </ClInclude>
    <ClInclude Include="..\include\aquarius\service\service.hpp">
      <Filter>include\aquarius\service</Filter>
    </ClInclude>
    <ClInclude Include="..\include\aquarius\context\invoke.hpp">
      <Filter>include\aquarius\context</Filter>
    </ClInclude>
    <ClInclude Include="..\include\aquarius\context\manager.hpp">
      <Filter>include\aquarius\context</Filter>
    </ClInclude>
    <ClInclude Include="..\include\aquarius\core\visitor.hpp">
      <Filter>include\aquarius\core</Filter>
    </ClInclude>
    <ClInclude Include="..\include\aquarius\core\visitable.hpp">
      <Filter>include\aquarius\core</Filter>
    </ClInclude>
    <ClInclude Include="..\include\aquarius\channel.hpp">
      <Filter>include\aquarius</Filter>
    </ClInclude>
    <ClInclude Include="..\include\aquarius\core\router.hpp">
      <Filter>include\aquarius\core</Filter>
    </ClInclude>
    <ClInclude Include="..\include\aquarius\core\time_traits.hpp">
      <Filter>include\aquarius\core</Filter>
    </ClInclude>
    <ClInclude Include="..\include\aquarius\core\type_traits.hpp">
      <Filter>include\aquarius\core</Filter>
    </ClInclude>
    <ClInclude Include="proto_regist.h">
      <Filter>头文件</Filter>
    </ClInclude>
    <ClInclude Include="channel.h">
      <Filter>头文件</Filter>
    </ClInclude>
    <ClInclude Include="core.h">
      <Filter>头文件</Filter>
    </ClInclude>
    <ClInclude Include="..\include\aquarius\connect\no_ssl.hpp">
      <Filter>include\aquarius\connect</Filter>
    </ClInclude>
    <ClInclude Include="..\include\aquarius\connect\ssl.hpp">
      <Filter>include\aquarius\connect</Filter>
    </ClInclude>
    <ClInclude Include="..\include\aquarius\connect\connect.hpp">
      <Filter>include\aquarius\connect</Filter>
    </ClInclude>
    <ClInclude Include="..\include\aquarius\core\error_code.hpp">
      <Filter>include\aquarius\core</Filter>
    </ClInclude>
    <ClInclude Include="..\include\aquarius\message\custom.hpp">
      <Filter>include\aquarius\message</Filter>
    </ClInclude>
    <ClInclude Include="..\include\aquarius\message\basic_message.hpp">
      <Filter>include\aquarius\message</Filter>
    </ClInclude>
    <ClInclude Include="..\include\aquarius\message\basic_header.hpp">
      <Filter>include\aquarius\message</Filter>
    </ClInclude>
    <ClInclude Include="..\include\aquarius\connect\packet.hpp">
      <Filter>include\aquarius\connect</Filter>
    </ClInclude>
    <ClInclude Include="..\include\aquarius\connect\mode.hpp">
      <Filter>include\aquarius\connect</Filter>
    </ClInclude>
    <ClInclude Include="..\include\aquarius\connect\basic_connect.hpp">
      <Filter>include\aquarius\connect</Filter>
    </ClInclude>
  </ItemGroup>
</Project>